
Microsoft Visual Studio Solution File, Format Version 12.00
# Visual Studio Version 17
VisualStudioVersion = 17.11.35208.52
MinimumVisualStudioVersion = 10.0.40219.1
Project("{FAE04EC0-301F-11D3-BF4B-00C04F79EFBC}") = "Vt1ejercicio2", "Vt1ejercicio2\Vt1ejercicio2.csproj", "{4B95DE6B-A75E-417E-A5D1-EADB7F32912A}"
EndProject
Global
	GlobalSection(SolutionConfigurationPlatforms) = preSolution
		Debug|Any CPU = Debug|Any CPU
		Release|Any CPU = Release|Any CPU
	EndGlobalSection
	GlobalSection(ProjectConfigurationPlatforms) = postSolution
		{4B95DE6B-A75E-417E-A5D1-EADB7F32912A}.Debug|Any CPU.ActiveCfg = Debug|Any CPU
		{4B95DE6B-A75E-417E-A5D1-EADB7F32912A}.Debug|Any CPU.Build.0 = Debug|Any CPU
		{4B95DE6B-A75E-417E-A5D1-EADB7F32912A}.Release|Any CPU.ActiveCfg = Release|Any CPU
		{4B95DE6B-A75E-417E-A5D1-EADB7F32912A}.Release|Any CPU.Build.0 = Release|Any CPU
	EndGlobalSection
	GlobalSection(SolutionProperties) = preSolution
		HideSolutionNode = FALSE
	EndGlobalSection
	GlobalSection(ExtensibilityGlobals) = postSolution
		SolutionGuid = {0F4371E7-E132-4481-954E-E97387AF39E2}
	EndGlobalSection
EndGlobal
